// !$*UTF8*$!
{
	archiveVersion = 1;
	classes = {
	};
	objectVersion = 46;
	objects = {

/* Begin PBXBuildFile section */
		CA2609D0171893A0008F7249 /* Icon-72.png in Resources */ = {isa = PBXBuildFile; fileRef = CA2609C6171893A0008F7249 /* Icon-72.png */; };
		CA2609D1171893A0008F7249 /* Icon-72@2x.png in Resources */ = {isa = PBXBuildFile; fileRef = CA2609C7171893A0008F7249 /* Icon-72@2x.png */; };
		CA2609D2171893A0008F7249 /* Icon-Small-50.png in Resources */ = {isa = PBXBuildFile; fileRef = CA2609C8171893A0008F7249 /* Icon-Small-50.png */; };
		CA2609D3171893A0008F7249 /* Icon-Small-50@2x.png in Resources */ = {isa = PBXBuildFile; fileRef = CA2609C9171893A0008F7249 /* Icon-Small-50@2x.png */; };
		CA2609D4171893A0008F7249 /* Icon-Small.png in Resources */ = {isa = PBXBuildFile; fileRef = CA2609CA171893A0008F7249 /* Icon-Small.png */; };
		CA2609D5171893A0008F7249 /* Icon-Small@2x.png in Resources */ = {isa = PBXBuildFile; fileRef = CA2609CB171893A0008F7249 /* Icon-Small@2x.png */; };
		CA2609D6171893A0008F7249 /* Icon.png in Resources */ = {isa = PBXBuildFile; fileRef = CA2609CC171893A0008F7249 /* Icon.png */; };
		CA2609D7171893A0008F7249 /* Icon@2x.png in Resources */ = {isa = PBXBuildFile; fileRef = CA2609CD171893A0008F7249 /* Icon@2x.png */; };
		CA2609D8171893A0008F7249 /* iTunesArtwork.png in Resources */ = {isa = PBXBuildFile; fileRef = CA2609CE171893A0008F7249 /* iTunesArtwork.png */; };
		CA2609D9171893A0008F7249 /* iTunesArtwork@2x.png in Resources */ = {isa = PBXBuildFile; fileRef = CA2609CF171893A0008F7249 /* iTunesArtwork@2x.png */; };
		CA2FF91E170FCD3E003DA79B /* UIView+Image.m in Sources */ = {isa = PBXBuildFile; fileRef = CA2FF91D170FCD3E003DA79B /* UIView+Image.m */; };
		CA2FF921170FE7F3003DA79B /* SkillLinksView.m in Sources */ = {isa = PBXBuildFile; fileRef = CA2FF920170FE7F3003DA79B /* SkillLinksView.m */; };
		CA2FF924170FF347003DA79B /* SkillLinkView.m in Sources */ = {isa = PBXBuildFile; fileRef = CA2FF923170FF347003DA79B /* SkillLinkView.m */; };
		CA2FF9261712804D003DA79B /* passive-skill-tree-v2.html in Resources */ = {isa = PBXBuildFile; fileRef = CA2FF9251712804D003DA79B /* passive-skill-tree-v2.html */; };
		CA2FF9281713C944003DA79B /* Background1.png in Resources */ = {isa = PBXBuildFile; fileRef = CA2FF9271713C944003DA79B /* Background1.png */; };
		CA3B5056171AF70600C29D4C /* charactersheet.png in Resources */ = {isa = PBXBuildFile; fileRef = CA3B5055171AF70600C29D4C /* charactersheet.png */; };
		CA41BE9D170FB7A500C0E1D2 /* SkillTreeView.m in Sources */ = {isa = PBXBuildFile; fileRef = CA41BE9C170FB7A500C0E1D2 /* SkillTreeView.m */; };
		CA6DA26F171A794C00483E5E /* SkillSelectionViewController.m in Sources */ = {isa = PBXBuildFile; fileRef = CA6DA26D171A794C00483E5E /* SkillSelectionViewController.m */; };
		CA6DA270171A794C00483E5E /* SkillSelectionViewController.xib in Resources */ = {isa = PBXBuildFile; fileRef = CA6DA26E171A794C00483E5E /* SkillSelectionViewController.xib */; };
		CA6DA273171A89C700483E5E /* arrow.png in Resources */ = {isa = PBXBuildFile; fileRef = CA6DA271171A89C700483E5E /* arrow.png */; };
		CA6DA274171A89C700483E5E /* popoverBG.png in Resources */ = {isa = PBXBuildFile; fileRef = CA6DA272171A89C700483E5E /* popoverBG.png */; };
		CA6DA277171AA72800483E5E /* CustomPopoverBackgroundView.m in Sources */ = {isa = PBXBuildFile; fileRef = CA6DA276171AA72800483E5E /* CustomPopoverBackgroundView.m */; };
		CA6DA27A171AECA700483E5E /* btnOFF.png in Resources */ = {isa = PBXBuildFile; fileRef = CA6DA278171AECA700483E5E /* btnOFF.png */; };
		CA6DA27B171AECA700483E5E /* btnON.png in Resources */ = {isa = PBXBuildFile; fileRef = CA6DA279171AECA700483E5E /* btnON.png */; };
		CAA1EED01707E5AF002BF206 /* UIKit.framework in Frameworks */ = {isa = PBXBuildFile; fileRef = CAA1EECF1707E5AF002BF206 /* UIKit.framework */; };
		CAA1EED21707E5AF002BF206 /* Foundation.framework in Frameworks */ = {isa = PBXBuildFile; fileRef = CAA1EED11707E5AF002BF206 /* Foundation.framework */; };
		CAA1EED41707E5AF002BF206 /* CoreGraphics.framework in Frameworks */ = {isa = PBXBuildFile; fileRef = CAA1EED31707E5AF002BF206 /* CoreGraphics.framework */; };
		CAA1EEDA1707E5AF002BF206 /* InfoPlist.strings in Resources */ = {isa = PBXBuildFile; fileRef = CAA1EED81707E5AF002BF206 /* InfoPlist.strings */; };
		CAA1EEDC1707E5AF002BF206 /* main.m in Sources */ = {isa = PBXBuildFile; fileRef = CAA1EEDB1707E5AF002BF206 /* main.m */; };
		CAA1EEE01707E5AF002BF206 /* AppDelegate.m in Sources */ = {isa = PBXBuildFile; fileRef = CAA1EEDF1707E5AF002BF206 /* AppDelegate.m */; };
		CAA1EEE21707E5AF002BF206 /* Default.png in Resources */ = {isa = PBXBuildFile; fileRef = CAA1EEE11707E5AF002BF206 /* Default.png */; };
		CAA1EEE41707E5AF002BF206 /* Default@2x.png in Resources */ = {isa = PBXBuildFile; fileRef = CAA1EEE31707E5AF002BF206 /* Default@2x.png */; };
		CAA1EEE61707E5AF002BF206 /* Default-568h@2x.png in Resources */ = {isa = PBXBuildFile; fileRef = CAA1EEE51707E5AF002BF206 /* Default-568h@2x.png */; };
		CAA1EEE91707E5AF002BF206 /* ViewController.m in Sources */ = {isa = PBXBuildFile; fileRef = CAA1EEE81707E5AF002BF206 /* ViewController.m */; };
		CAA1EEF71707EAEA002BF206 /* passive-skill-tree-v1.html in Resources */ = {isa = PBXBuildFile; fileRef = CAA1EEF61707EAEA002BF206 /* passive-skill-tree-v1.html */; };
		CAA1EF0D1707EC5D002BF206 /* AFHTTPClient.m in Sources */ = {isa = PBXBuildFile; fileRef = CAA1EEFB1707EC5D002BF206 /* AFHTTPClient.m */; };
		CAA1EF0E1707EC5D002BF206 /* AFHTTPRequestOperation.m in Sources */ = {isa = PBXBuildFile; fileRef = CAA1EEFD1707EC5D002BF206 /* AFHTTPRequestOperation.m */; };
		CAA1EF0F1707EC5D002BF206 /* AFImageRequestOperation.m in Sources */ = {isa = PBXBuildFile; fileRef = CAA1EEFF1707EC5D002BF206 /* AFImageRequestOperation.m */; };
		CAA1EF101707EC5D002BF206 /* AFJSONRequestOperation.m in Sources */ = {isa = PBXBuildFile; fileRef = CAA1EF011707EC5D002BF206 /* AFJSONRequestOperation.m */; };
		CAA1EF111707EC5D002BF206 /* AFNetworkActivityIndicatorManager.m in Sources */ = {isa = PBXBuildFile; fileRef = CAA1EF031707EC5D002BF206 /* AFNetworkActivityIndicatorManager.m */; };
		CAA1EF121707EC5D002BF206 /* AFPropertyListRequestOperation.m in Sources */ = {isa = PBXBuildFile; fileRef = CAA1EF061707EC5D002BF206 /* AFPropertyListRequestOperation.m */; };
		CAA1EF131707EC5D002BF206 /* AFURLConnectionOperation.m in Sources */ = {isa = PBXBuildFile; fileRef = CAA1EF081707EC5D002BF206 /* AFURLConnectionOperation.m */; };
		CAA1EF141707EC5D002BF206 /* AFXMLRequestOperation.m in Sources */ = {isa = PBXBuildFile; fileRef = CAA1EF0A1707EC5D002BF206 /* AFXMLRequestOperation.m */; };
		CAA1EF151707EC5D002BF206 /* UIImageView+AFNetworking.m in Sources */ = {isa = PBXBuildFile; fileRef = CAA1EF0C1707EC5D002BF206 /* UIImageView+AFNetworking.m */; };
		CAA1EF201707EE76002BF206 /* MobileCoreServices.framework in Frameworks */ = {isa = PBXBuildFile; fileRef = CAA1EF1F1707EE76002BF206 /* MobileCoreServices.framework */; };
		CAA1EF241707EED1002BF206 /* SystemConfiguration.framework in Frameworks */ = {isa = PBXBuildFile; fileRef = CAA1EF231707EED1002BF206 /* SystemConfiguration.framework */; };
		CAA1EF281707F2FF002BF206 /* RegexKitLite.m in Sources */ = {isa = PBXBuildFile; fileRef = CAA1EF271707F2FF002BF206 /* RegexKitLite.m */; settings = {COMPILER_FLAGS = "-fno-objc-arc"; }; };
		CAA1EF2B1707F81D002BF206 /* ViewController_iPad.xib in Resources */ = {isa = PBXBuildFile; fileRef = CAA1EF291707F81D002BF206 /* ViewController_iPad.xib */; };
		CAA1EF2C1707F81D002BF206 /* ViewController_iPhone.xib in Resources */ = {isa = PBXBuildFile; fileRef = CAA1EF2A1707F81D002BF206 /* ViewController_iPhone.xib */; };
		CAA1EF6217080080002BF206 /* JSONKit.m in Sources */ = {isa = PBXBuildFile; fileRef = CAA1EF6117080080002BF206 /* JSONKit.m */; settings = {COMPILER_FLAGS = "-fno-objc-arc"; }; };
		CAA1EF6417082025002BF206 /* KeystoneFrameAllocated.png in Resources */ = {isa = PBXBuildFile; fileRef = CAA1EF6317082025002BF206 /* KeystoneFrameAllocated.png */; };
		CAA1EF681709F74B002BF206 /* SkillIcons.m in Sources */ = {isa = PBXBuildFile; fileRef = CAA1EF671709F74B002BF206 /* SkillIcons.m */; };
		CAA1EF6C170A038D002BF206 /* SkillNode.m in Sources */ = {isa = PBXBuildFile; fileRef = CAA1EF6B170A038D002BF206 /* SkillNode.m */; };
		CAA1EF6F170A07E2002BF206 /* NodeGroup.m in Sources */ = {isa = PBXBuildFile; fileRef = CAA1EF6E170A07E1002BF206 /* NodeGroup.m */; };
		CAA1EF72170A237C002BF206 /* Asset.m in Sources */ = {isa = PBXBuildFile; fileRef = CAA1EF71170A237C002BF206 /* Asset.m */; };
		CAA1EF76170A4765002BF206 /* UIImage+WBImage.m in Sources */ = {isa = PBXBuildFile; fileRef = CAA1EF75170A4765002BF206 /* UIImage+WBImage.m */; };
		CAA1EF79170A590A002BF206 /* NSData+Base64.m in Sources */ = {isa = PBXBuildFile; fileRef = CAA1EF78170A590A002BF206 /* NSData+Base64.m */; };
		CAA1EF7C170A5F2B002BF206 /* base64.m in Sources */ = {isa = PBXBuildFile; fileRef = CAA1EF7B170A5F2B002BF206 /* base64.m */; };
		CAA1EF80170A6568002BF206 /* DataString.m in Sources */ = {isa = PBXBuildFile; fileRef = CAA1EF7F170A6568002BF206 /* DataString.m */; };
		CAA1EF8D170B9748002BF206 /* QuartzCore.framework in Frameworks */ = {isa = PBXBuildFile; fileRef = CAA1EF8C170B9748002BF206 /* QuartzCore.framework */; };
		CAF3A40417189A0000014FCE /* PointsBackground.png in Resources */ = {isa = PBXBuildFile; fileRef = CAF3A40317189A0000014FCE /* PointsBackground.png */; };
		CAF3A4061719763800014FCE /* README.md in Resources */ = {isa = PBXBuildFile; fileRef = CAF3A4051719763800014FCE /* README.md */; };
		CAF636AF1716441900D91EB4 /* SkillTouchView.m in Sources */ = {isa = PBXBuildFile; fileRef = CAF636AE1716441900D91EB4 /* SkillTouchView.m */; };
		CAF636BC1716827600D91EB4 /* PESGraph.m in Sources */ = {isa = PBXBuildFile; fileRef = CAF636B31716827600D91EB4 /* PESGraph.m */; };
		CAF636BD1716827600D91EB4 /* PESGraphEdge.m in Sources */ = {isa = PBXBuildFile; fileRef = CAF636B51716827600D91EB4 /* PESGraphEdge.m */; };
		CAF636BE1716827600D91EB4 /* PESGraphNode.m in Sources */ = {isa = PBXBuildFile; fileRef = CAF636B71716827600D91EB4 /* PESGraphNode.m */; };
		CAF636BF1716827600D91EB4 /* PESGraphRoute.m in Sources */ = {isa = PBXBuildFile; fileRef = CAF636B91716827600D91EB4 /* PESGraphRoute.m */; };
		CAF636C01716827600D91EB4 /* PESGraphRouteStep.m in Sources */ = {isa = PBXBuildFile; fileRef = CAF636BB1716827600D91EB4 /* PESGraphRouteStep.m */; };
		CAF636E51718398500D91EB4 /* duelist-large.png in Resources */ = {isa = PBXBuildFile; fileRef = CAF636D91718398500D91EB4 /* duelist-large.png */; };
		CAF636E61718398500D91EB4 /* Fontin-Bold.ttf in Resources */ = {isa = PBXBuildFile; fileRef = CAF636DA1718398500D91EB4 /* Fontin-Bold.ttf */; };
		CAF636E71718398500D91EB4 /* Fontin-Italic.ttf in Resources */ = {isa = PBXBuildFile; fileRef = CAF636DB1718398500D91EB4 /* Fontin-Italic.ttf */; };
		CAF636E81718398500D91EB4 /* Fontin-Regular.ttf in Resources */ = {isa = PBXBuildFile; fileRef = CAF636DC1718398500D91EB4 /* Fontin-Regular.ttf */; };
		CAF636E91718398500D91EB4 /* Fontin-SmallCaps.ttf in Resources */ = {isa = PBXBuildFile; fileRef = CAF636DD1718398500D91EB4 /* Fontin-SmallCaps.ttf */; };
		CAF636EA1718398500D91EB4 /* marauder-large.png in Resources */ = {isa = PBXBuildFile; fileRef = CAF636DE1718398500D91EB4 /* marauder-large.png */; };
		CAF636EB1718398500D91EB4 /* Menu-Landscape.png in Resources */ = {isa = PBXBuildFile; fileRef = CAF636DF1718398500D91EB4 /* Menu-Landscape.png */; };
		CAF636EC1718398500D91EB4 /* Menu-Portrait.png in Resources */ = {isa = PBXBuildFile; fileRef = CAF636E01718398500D91EB4 /* Menu-Portrait.png */; };
		CAF636ED1718398500D91EB4 /* ranger-large.png in Resources */ = {isa = PBXBuildFile; fileRef = CAF636E11718398500D91EB4 /* ranger-large.png */; };
		CAF636EE1718398500D91EB4 /* shadow-large.png in Resources */ = {isa = PBXBuildFile; fileRef = CAF636E21718398500D91EB4 /* shadow-large.png */; };
		CAF636EF1718398500D91EB4 /* templar-large.png in Resources */ = {isa = PBXBuildFile; fileRef = CAF636E31718398500D91EB4 /* templar-large.png */; };
		CAF636F01718398500D91EB4 /* witch-large.png in Resources */ = {isa = PBXBuildFile; fileRef = CAF636E41718398500D91EB4 /* witch-large.png */; };
		CAF636F31718421900D91EB4 /* URLTextField.m in Sources */ = {isa = PBXBuildFile; fileRef = CAF636F21718421900D91EB4 /* URLTextField.m */; };
/* End PBXBuildFile section */

/* Begin PBXFileReference section */
		CA2609C6171893A0008F7249 /* Icon-72.png */ = {isa = PBXFileReference; lastKnownFileType = image.png; path = "Icon-72.png"; sourceTree = "<group>"; };
		CA2609C7171893A0008F7249 /* Icon-72@2x.png */ = {isa = PBXFileReference; lastKnownFileType = image.png; path = "Icon-72@2x.png"; sourceTree = "<group>"; };
		CA2609C8171893A0008F7249 /* Icon-Small-50.png */ = {isa = PBXFileReference; lastKnownFileType = image.png; path = "Icon-Small-50.png"; sourceTree = "<group>"; };
		CA2609C9171893A0008F7249 /* Icon-Small-50@2x.png */ = {isa = PBXFileReference; lastKnownFileType = image.png; path = "Icon-Small-50@2x.png"; sourceTree = "<group>"; };
		CA2609CA171893A0008F7249 /* Icon-Small.png */ = {isa = PBXFileReference; lastKnownFileType = image.png; path = "Icon-Small.png"; sourceTree = "<group>"; };
		CA2609CB171893A0008F7249 /* Icon-Small@2x.png */ = {isa = PBXFileReference; lastKnownFileType = image.png; path = "Icon-Small@2x.png"; sourceTree = "<group>"; };
		CA2609CC171893A0008F7249 /* Icon.png */ = {isa = PBXFileReference; lastKnownFileType = image.png; path = Icon.png; sourceTree = "<group>"; };
		CA2609CD171893A0008F7249 /* Icon@2x.png */ = {isa = PBXFileReference; lastKnownFileType = image.png; path = "Icon@2x.png"; sourceTree = "<group>"; };
		CA2609CE171893A0008F7249 /* iTunesArtwork.png */ = {isa = PBXFileReference; lastKnownFileType = image.png; path = iTunesArtwork.png; sourceTree = "<group>"; };
		CA2609CF171893A0008F7249 /* iTunesArtwork@2x.png */ = {isa = PBXFileReference; lastKnownFileType = image.png; path = "iTunesArtwork@2x.png"; sourceTree = "<group>"; };
		CA2FF91C170FCD3E003DA79B /* UIView+Image.h */ = {isa = PBXFileReference; fileEncoding = 4; lastKnownFileType = sourcecode.c.h; lineEnding = 0; name = "UIView+Image.h"; path = "Classes/Helper/UIView+Image.h"; sourceTree = "<group>"; xcLanguageSpecificationIdentifier = xcode.lang.objcpp; };
		CA2FF91D170FCD3E003DA79B /* UIView+Image.m */ = {isa = PBXFileReference; fileEncoding = 4; lastKnownFileType = sourcecode.c.objc; lineEnding = 0; name = "UIView+Image.m"; path = "Classes/Helper/UIView+Image.m"; sourceTree = "<group>"; xcLanguageSpecificationIdentifier = xcode.lang.objc; };
		CA2FF91F170FE7F3003DA79B /* SkillLinksView.h */ = {isa = PBXFileReference; fileEncoding = 4; lastKnownFileType = sourcecode.c.h; lineEnding = 0; name = SkillLinksView.h; path = Classes/Views/SkillLinksView.h; sourceTree = "<group>"; xcLanguageSpecificationIdentifier = xcode.lang.objcpp; };
		CA2FF920170FE7F3003DA79B /* SkillLinksView.m */ = {isa = PBXFileReference; fileEncoding = 4; lastKnownFileType = sourcecode.c.objc; lineEnding = 0; name = SkillLinksView.m; path = Classes/Views/SkillLinksView.m; sourceTree = "<group>"; xcLanguageSpecificationIdentifier = xcode.lang.objc; };
		CA2FF922170FF347003DA79B /* SkillLinkView.h */ = {isa = PBXFileReference; fileEncoding = 4; lastKnownFileType = sourcecode.c.h; lineEnding = 0; name = SkillLinkView.h; path = Classes/Views/SkillLinkView.h; sourceTree = "<group>"; xcLanguageSpecificationIdentifier = xcode.lang.objcpp; };
		CA2FF923170FF347003DA79B /* SkillLinkView.m */ = {isa = PBXFileReference; fileEncoding = 4; lastKnownFileType = sourcecode.c.objc; lineEnding = 0; name = SkillLinkView.m; path = Classes/Views/SkillLinkView.m; sourceTree = "<group>"; xcLanguageSpecificationIdentifier = xcode.lang.objc; };
		CA2FF9251712804D003DA79B /* passive-skill-tree-v2.html */ = {isa = PBXFileReference; fileEncoding = 4; lastKnownFileType = text.html; path = "passive-skill-tree-v2.html"; sourceTree = "<group>"; };
		CA2FF9271713C944003DA79B /* Background1.png */ = {isa = PBXFileReference; lastKnownFileType = image.png; path = Background1.png; sourceTree = "<group>"; };
		CA3B5055171AF70600C29D4C /* charactersheet.png */ = {isa = PBXFileReference; lastKnownFileType = image.png; path = charactersheet.png; sourceTree = "<group>"; };
		CA41BE9B170FB7A500C0E1D2 /* SkillTreeView.h */ = {isa = PBXFileReference; fileEncoding = 4; lastKnownFileType = sourcecode.c.h; lineEnding = 0; name = SkillTreeView.h; path = Classes/Views/SkillTreeView.h; sourceTree = "<group>"; xcLanguageSpecificationIdentifier = xcode.lang.objcpp; };
		CA41BE9C170FB7A500C0E1D2 /* SkillTreeView.m */ = {isa = PBXFileReference; fileEncoding = 4; lastKnownFileType = sourcecode.c.objc; lineEnding = 0; name = SkillTreeView.m; path = Classes/Views/SkillTreeView.m; sourceTree = "<group>"; xcLanguageSpecificationIdentifier = xcode.lang.objc; };
		CA6DA26C171A794C00483E5E /* SkillSelectionViewController.h */ = {isa = PBXFileReference; fileEncoding = 4; lastKnownFileType = sourcecode.c.h; lineEnding = 0; name = SkillSelectionViewController.h; path = Classes/Controllers/SkillSelectionViewController.h; sourceTree = "<group>"; xcLanguageSpecificationIdentifier = xcode.lang.objcpp; };
		CA6DA26D171A794C00483E5E /* SkillSelectionViewController.m */ = {isa = PBXFileReference; fileEncoding = 4; lastKnownFileType = sourcecode.c.objc; lineEnding = 0; name = SkillSelectionViewController.m; path = Classes/Controllers/SkillSelectionViewController.m; sourceTree = "<group>"; xcLanguageSpecificationIdentifier = xcode.lang.objc; };
		CA6DA26E171A794C00483E5E /* SkillSelectionViewController.xib */ = {isa = PBXFileReference; fileEncoding = 4; lastKnownFileType = file.xib; name = SkillSelectionViewController.xib; path = Classes/Controllers/SkillSelectionViewController.xib; sourceTree = "<group>"; };
		CA6DA271171A89C700483E5E /* arrow.png */ = {isa = PBXFileReference; lastKnownFileType = image.png; path = arrow.png; sourceTree = "<group>"; };
		CA6DA272171A89C700483E5E /* popoverBG.png */ = {isa = PBXFileReference; lastKnownFileType = image.png; path = popoverBG.png; sourceTree = "<group>"; };
		CA6DA275171AA72800483E5E /* CustomPopoverBackgroundView.h */ = {isa = PBXFileReference; fileEncoding = 4; lastKnownFileType = sourcecode.c.h; lineEnding = 0; name = CustomPopoverBackgroundView.h; path = Classes/Helper/CustomPopoverBackgroundView.h; sourceTree = "<group>"; xcLanguageSpecificationIdentifier = xcode.lang.objcpp; };
		CA6DA276171AA72800483E5E /* CustomPopoverBackgroundView.m */ = {isa = PBXFileReference; fileEncoding = 4; lastKnownFileType = sourcecode.c.objc; lineEnding = 0; name = CustomPopoverBackgroundView.m; path = Classes/Helper/CustomPopoverBackgroundView.m; sourceTree = "<group>"; xcLanguageSpecificationIdentifier = xcode.lang.objc; };
		CA6DA278171AECA700483E5E /* btnOFF.png */ = {isa = PBXFileReference; lastKnownFileType = image.png; path = btnOFF.png; sourceTree = "<group>"; };
		CA6DA279171AECA700483E5E /* btnON.png */ = {isa = PBXFileReference; lastKnownFileType = image.png; path = btnON.png; sourceTree = "<group>"; };
		CAA1EECC1707E5AF002BF206 /* POEMPST.app */ = {isa = PBXFileReference; explicitFileType = wrapper.application; includeInIndex = 0; path = POEMPST.app; sourceTree = BUILT_PRODUCTS_DIR; };
		CAA1EECF1707E5AF002BF206 /* UIKit.framework */ = {isa = PBXFileReference; lastKnownFileType = wrapper.framework; name = UIKit.framework; path = System/Library/Frameworks/UIKit.framework; sourceTree = SDKROOT; };
		CAA1EED11707E5AF002BF206 /* Foundation.framework */ = {isa = PBXFileReference; lastKnownFileType = wrapper.framework; name = Foundation.framework; path = System/Library/Frameworks/Foundation.framework; sourceTree = SDKROOT; };
		CAA1EED31707E5AF002BF206 /* CoreGraphics.framework */ = {isa = PBXFileReference; lastKnownFileType = wrapper.framework; name = CoreGraphics.framework; path = System/Library/Frameworks/CoreGraphics.framework; sourceTree = SDKROOT; };
		CAA1EED71707E5AF002BF206 /* POEMPST-Info.plist */ = {isa = PBXFileReference; lastKnownFileType = text.plist.xml; path = "POEMPST-Info.plist"; sourceTree = "<group>"; };
		CAA1EED91707E5AF002BF206 /* en */ = {isa = PBXFileReference; lastKnownFileType = text.plist.strings; name = en; path = en.lproj/InfoPlist.strings; sourceTree = "<group>"; };
		CAA1EEDB1707E5AF002BF206 /* main.m */ = {isa = PBXFileReference; lastKnownFileType = sourcecode.c.objc; lineEnding = 0; path = main.m; sourceTree = "<group>"; xcLanguageSpecificationIdentifier = xcode.lang.objc; };
		CAA1EEDD1707E5AF002BF206 /* POEMPST-Prefix.pch */ = {isa = PBXFileReference; lastKnownFileType = sourcecode.c.h; path = "POEMPST-Prefix.pch"; sourceTree = "<group>"; };
		CAA1EEDE1707E5AF002BF206 /* AppDelegate.h */ = {isa = PBXFileReference; lastKnownFileType = sourcecode.c.h; lineEnding = 0; path = AppDelegate.h; sourceTree = "<group>"; xcLanguageSpecificationIdentifier = xcode.lang.objcpp; };
		CAA1EEDF1707E5AF002BF206 /* AppDelegate.m */ = {isa = PBXFileReference; lastKnownFileType = sourcecode.c.objc; lineEnding = 0; path = AppDelegate.m; sourceTree = "<group>"; xcLanguageSpecificationIdentifier = xcode.lang.objc; };
		CAA1EEE11707E5AF002BF206 /* Default.png */ = {isa = PBXFileReference; lastKnownFileType = image.png; path = Default.png; sourceTree = "<group>"; };
		CAA1EEE31707E5AF002BF206 /* Default@2x.png */ = {isa = PBXFileReference; lastKnownFileType = image.png; path = "Default@2x.png"; sourceTree = "<group>"; };
		CAA1EEE51707E5AF002BF206 /* Default-568h@2x.png */ = {isa = PBXFileReference; lastKnownFileType = image.png; path = "Default-568h@2x.png"; sourceTree = "<group>"; };
		CAA1EEE71707E5AF002BF206 /* ViewController.h */ = {isa = PBXFileReference; lastKnownFileType = sourcecode.c.h; lineEnding = 0; path = ViewController.h; sourceTree = "<group>"; xcLanguageSpecificationIdentifier = xcode.lang.objcpp; };
		CAA1EEE81707E5AF002BF206 /* ViewController.m */ = {isa = PBXFileReference; lastKnownFileType = sourcecode.c.objc; lineEnding = 0; path = ViewController.m; sourceTree = "<group>"; xcLanguageSpecificationIdentifier = xcode.lang.objc; };
		CAA1EEF61707EAEA002BF206 /* passive-skill-tree-v1.html */ = {isa = PBXFileReference; fileEncoding = 4; lastKnownFileType = text.html; path = "passive-skill-tree-v1.html"; sourceTree = "<group>"; };
		CAA1EEFA1707EC5D002BF206 /* AFHTTPClient.h */ = {isa = PBXFileReference; fileEncoding = 4; lastKnownFileType = sourcecode.c.h; path = AFHTTPClient.h; sourceTree = "<group>"; };
		CAA1EEFB1707EC5D002BF206 /* AFHTTPClient.m */ = {isa = PBXFileReference; fileEncoding = 4; lastKnownFileType = sourcecode.c.objc; path = AFHTTPClient.m; sourceTree = "<group>"; };
		CAA1EEFC1707EC5D002BF206 /* AFHTTPRequestOperation.h */ = {isa = PBXFileReference; fileEncoding = 4; lastKnownFileType = sourcecode.c.h; path = AFHTTPRequestOperation.h; sourceTree = "<group>"; };
		CAA1EEFD1707EC5D002BF206 /* AFHTTPRequestOperation.m */ = {isa = PBXFileReference; fileEncoding = 4; lastKnownFileType = sourcecode.c.objc; path = AFHTTPRequestOperation.m; sourceTree = "<group>"; };
		CAA1EEFE1707EC5D002BF206 /* AFImageRequestOperation.h */ = {isa = PBXFileReference; fileEncoding = 4; lastKnownFileType = sourcecode.c.h; path = AFImageRequestOperation.h; sourceTree = "<group>"; };
		CAA1EEFF1707EC5D002BF206 /* AFImageRequestOperation.m */ = {isa = PBXFileReference; fileEncoding = 4; lastKnownFileType = sourcecode.c.objc; path = AFImageRequestOperation.m; sourceTree = "<group>"; };
		CAA1EF001707EC5D002BF206 /* AFJSONRequestOperation.h */ = {isa = PBXFileReference; fileEncoding = 4; lastKnownFileType = sourcecode.c.h; path = AFJSONRequestOperation.h; sourceTree = "<group>"; };
		CAA1EF011707EC5D002BF206 /* AFJSONRequestOperation.m */ = {isa = PBXFileReference; fileEncoding = 4; lastKnownFileType = sourcecode.c.objc; path = AFJSONRequestOperation.m; sourceTree = "<group>"; };
		CAA1EF021707EC5D002BF206 /* AFNetworkActivityIndicatorManager.h */ = {isa = PBXFileReference; fileEncoding = 4; lastKnownFileType = sourcecode.c.h; path = AFNetworkActivityIndicatorManager.h; sourceTree = "<group>"; };
		CAA1EF031707EC5D002BF206 /* AFNetworkActivityIndicatorManager.m */ = {isa = PBXFileReference; fileEncoding = 4; lastKnownFileType = sourcecode.c.objc; path = AFNetworkActivityIndicatorManager.m; sourceTree = "<group>"; };
		CAA1EF041707EC5D002BF206 /* AFNetworking.h */ = {isa = PBXFileReference; fileEncoding = 4; lastKnownFileType = sourcecode.c.h; path = AFNetworking.h; sourceTree = "<group>"; };
		CAA1EF051707EC5D002BF206 /* AFPropertyListRequestOperation.h */ = {isa = PBXFileReference; fileEncoding = 4; lastKnownFileType = sourcecode.c.h; path = AFPropertyListRequestOperation.h; sourceTree = "<group>"; };
		CAA1EF061707EC5D002BF206 /* AFPropertyListRequestOperation.m */ = {isa = PBXFileReference; fileEncoding = 4; lastKnownFileType = sourcecode.c.objc; path = AFPropertyListRequestOperation.m; sourceTree = "<group>"; };
		CAA1EF071707EC5D002BF206 /* AFURLConnectionOperation.h */ = {isa = PBXFileReference; fileEncoding = 4; lastKnownFileType = sourcecode.c.h; path = AFURLConnectionOperation.h; sourceTree = "<group>"; };
		CAA1EF081707EC5D002BF206 /* AFURLConnectionOperation.m */ = {isa = PBXFileReference; fileEncoding = 4; lastKnownFileType = sourcecode.c.objc; path = AFURLConnectionOperation.m; sourceTree = "<group>"; };
		CAA1EF091707EC5D002BF206 /* AFXMLRequestOperation.h */ = {isa = PBXFileReference; fileEncoding = 4; lastKnownFileType = sourcecode.c.h; path = AFXMLRequestOperation.h; sourceTree = "<group>"; };
		CAA1EF0A1707EC5D002BF206 /* AFXMLRequestOperation.m */ = {isa = PBXFileReference; fileEncoding = 4; lastKnownFileType = sourcecode.c.objc; path = AFXMLRequestOperation.m; sourceTree = "<group>"; };
		CAA1EF0B1707EC5D002BF206 /* UIImageView+AFNetworking.h */ = {isa = PBXFileReference; fileEncoding = 4; lastKnownFileType = sourcecode.c.h; path = "UIImageView+AFNetworking.h"; sourceTree = "<group>"; };
		CAA1EF0C1707EC5D002BF206 /* UIImageView+AFNetworking.m */ = {isa = PBXFileReference; fileEncoding = 4; lastKnownFileType = sourcecode.c.objc; path = "UIImageView+AFNetworking.m"; sourceTree = "<group>"; };
		CAA1EF1F1707EE76002BF206 /* MobileCoreServices.framework */ = {isa = PBXFileReference; lastKnownFileType = wrapper.framework; name = MobileCoreServices.framework; path = System/Library/Frameworks/MobileCoreServices.framework; sourceTree = SDKROOT; };
		CAA1EF231707EED1002BF206 /* SystemConfiguration.framework */ = {isa = PBXFileReference; lastKnownFileType = wrapper.framework; name = SystemConfiguration.framework; path = System/Library/Frameworks/SystemConfiguration.framework; sourceTree = SDKROOT; };
		CAA1EF261707F2FF002BF206 /* RegexKitLite.h */ = {isa = PBXFileReference; fileEncoding = 4; lastKnownFileType = sourcecode.c.h; path = RegexKitLite.h; sourceTree = "<group>"; };
		CAA1EF271707F2FF002BF206 /* RegexKitLite.m */ = {isa = PBXFileReference; fileEncoding = 4; lastKnownFileType = sourcecode.c.objc; path = RegexKitLite.m; sourceTree = "<group>"; };
		CAA1EF291707F81D002BF206 /* ViewController_iPad.xib */ = {isa = PBXFileReference; fileEncoding = 4; lastKnownFileType = file.xib; path = ViewController_iPad.xib; sourceTree = "<group>"; };
		CAA1EF2A1707F81D002BF206 /* ViewController_iPhone.xib */ = {isa = PBXFileReference; fileEncoding = 4; lastKnownFileType = file.xib; path = ViewController_iPhone.xib; sourceTree = "<group>"; };
		CAA1EF6017080080002BF206 /* JSONKit.h */ = {isa = PBXFileReference; fileEncoding = 4; lastKnownFileType = sourcecode.c.h; path = JSONKit.h; sourceTree = "<group>"; };
		CAA1EF6117080080002BF206 /* JSONKit.m */ = {isa = PBXFileReference; fileEncoding = 4; lastKnownFileType = sourcecode.c.objc; path = JSONKit.m; sourceTree = "<group>"; };
		CAA1EF6317082025002BF206 /* KeystoneFrameAllocated.png */ = {isa = PBXFileReference; lastKnownFileType = image.png; path = KeystoneFrameAllocated.png; sourceTree = "<group>"; };
		CAA1EF661709F74B002BF206 /* SkillIcons.h */ = {isa = PBXFileReference; fileEncoding = 4; lastKnownFileType = sourcecode.c.h; lineEnding = 0; name = SkillIcons.h; path = Classes/Models/SkillIcons.h; sourceTree = "<group>"; xcLanguageSpecificationIdentifier = xcode.lang.objcpp; };
		CAA1EF671709F74B002BF206 /* SkillIcons.m */ = {isa = PBXFileReference; fileEncoding = 4; lastKnownFileType = sourcecode.c.objc; lineEnding = 0; name = SkillIcons.m; path = Classes/Models/SkillIcons.m; sourceTree = "<group>"; xcLanguageSpecificationIdentifier = xcode.lang.objc; };
		CAA1EF691709F850002BF206 /* constants.h */ = {isa = PBXFileReference; fileEncoding = 4; lastKnownFileType = sourcecode.c.h; lineEnding = 0; path = constants.h; sourceTree = "<group>"; xcLanguageSpecificationIdentifier = xcode.lang.objcpp; };
		CAA1EF6A170A038D002BF206 /* SkillNode.h */ = {isa = PBXFileReference; fileEncoding = 4; lastKnownFileType = sourcecode.c.h; lineEnding = 0; name = SkillNode.h; path = Classes/Models/SkillNode.h; sourceTree = "<group>"; xcLanguageSpecificationIdentifier = xcode.lang.objcpp; };
		CAA1EF6B170A038D002BF206 /* SkillNode.m */ = {isa = PBXFileReference; fileEncoding = 4; lastKnownFileType = sourcecode.c.objc; lineEnding = 0; name = SkillNode.m; path = Classes/Models/SkillNode.m; sourceTree = "<group>"; xcLanguageSpecificationIdentifier = xcode.lang.objc; };
		CAA1EF6D170A07E1002BF206 /* NodeGroup.h */ = {isa = PBXFileReference; fileEncoding = 4; lastKnownFileType = sourcecode.c.h; lineEnding = 0; name = NodeGroup.h; path = Classes/Models/NodeGroup.h; sourceTree = "<group>"; xcLanguageSpecificationIdentifier = xcode.lang.objcpp; };
		CAA1EF6E170A07E1002BF206 /* NodeGroup.m */ = {isa = PBXFileReference; fileEncoding = 4; lastKnownFileType = sourcecode.c.objc; lineEnding = 0; name = NodeGroup.m; path = Classes/Models/NodeGroup.m; sourceTree = "<group>"; xcLanguageSpecificationIdentifier = xcode.lang.objc; };
		CAA1EF70170A237B002BF206 /* Asset.h */ = {isa = PBXFileReference; fileEncoding = 4; lastKnownFileType = sourcecode.c.h; lineEnding = 0; name = Asset.h; path = Classes/Models/Asset.h; sourceTree = "<group>"; xcLanguageSpecificationIdentifier = xcode.lang.objcpp; };
		CAA1EF71170A237C002BF206 /* Asset.m */ = {isa = PBXFileReference; fileEncoding = 4; lastKnownFileType = sourcecode.c.objc; lineEnding = 0; name = Asset.m; path = Classes/Models/Asset.m; sourceTree = "<group>"; xcLanguageSpecificationIdentifier = xcode.lang.objc; };
		CAA1EF74170A4765002BF206 /* UIImage+WBImage.h */ = {isa = PBXFileReference; fileEncoding = 4; lastKnownFileType = sourcecode.c.h; name = "UIImage+WBImage.h"; path = "vendor/UIImage+WBImage.h"; sourceTree = "<group>"; };
		CAA1EF75170A4765002BF206 /* UIImage+WBImage.m */ = {isa = PBXFileReference; fileEncoding = 4; lastKnownFileType = sourcecode.c.objc; name = "UIImage+WBImage.m"; path = "vendor/UIImage+WBImage.m"; sourceTree = "<group>"; };
		CAA1EF77170A590A002BF206 /* NSData+Base64.h */ = {isa = PBXFileReference; fileEncoding = 4; lastKnownFileType = sourcecode.c.h; name = "NSData+Base64.h"; path = "vendor/NSData+Base64.h"; sourceTree = "<group>"; };
		CAA1EF78170A590A002BF206 /* NSData+Base64.m */ = {isa = PBXFileReference; fileEncoding = 4; lastKnownFileType = sourcecode.c.objc; name = "NSData+Base64.m"; path = "vendor/NSData+Base64.m"; sourceTree = "<group>"; };
		CAA1EF7A170A5F2A002BF206 /* base64.h */ = {isa = PBXFileReference; fileEncoding = 4; lastKnownFileType = sourcecode.c.h; name = base64.h; path = vendor/base64.h; sourceTree = "<group>"; };
		CAA1EF7B170A5F2B002BF206 /* base64.m */ = {isa = PBXFileReference; fileEncoding = 4; lastKnownFileType = sourcecode.c.objc; name = base64.m; path = vendor/base64.m; sourceTree = "<group>"; };
		CAA1EF7E170A6568002BF206 /* DataString.h */ = {isa = PBXFileReference; fileEncoding = 4; lastKnownFileType = sourcecode.c.h; lineEnding = 0; name = DataString.h; path = Classes/Helper/DataString.h; sourceTree = "<group>"; xcLanguageSpecificationIdentifier = xcode.lang.objcpp; };
		CAA1EF7F170A6568002BF206 /* DataString.m */ = {isa = PBXFileReference; fileEncoding = 4; lastKnownFileType = sourcecode.c.objc; lineEnding = 0; name = DataString.m; path = Classes/Helper/DataString.m; sourceTree = "<group>"; xcLanguageSpecificationIdentifier = xcode.lang.objc; };
		CAA1EF8C170B9748002BF206 /* QuartzCore.framework */ = {isa = PBXFileReference; lastKnownFileType = wrapper.framework; name = QuartzCore.framework; path = System/Library/Frameworks/QuartzCore.framework; sourceTree = SDKROOT; };
		CAF3A40317189A0000014FCE /* PointsBackground.png */ = {isa = PBXFileReference; lastKnownFileType = image.png; path = PointsBackground.png; sourceTree = "<group>"; };
		CAF3A4051719763800014FCE /* README.md */ = {isa = PBXFileReference; fileEncoding = 4; lastKnownFileType = text; path = README.md; sourceTree = "<group>"; };
		CAF636AD1716441900D91EB4 /* SkillTouchView.h */ = {isa = PBXFileReference; fileEncoding = 4; lastKnownFileType = sourcecode.c.h; lineEnding = 0; name = SkillTouchView.h; path = Classes/Views/SkillTouchView.h; sourceTree = "<group>"; xcLanguageSpecificationIdentifier = xcode.lang.objcpp; };
		CAF636AE1716441900D91EB4 /* SkillTouchView.m */ = {isa = PBXFileReference; fileEncoding = 4; lastKnownFileType = sourcecode.c.objc; lineEnding = 0; name = SkillTouchView.m; path = Classes/Views/SkillTouchView.m; sourceTree = "<group>"; xcLanguageSpecificationIdentifier = xcode.lang.objc; };
		CAF636B21716827600D91EB4 /* PESGraph.h */ = {isa = PBXFileReference; fileEncoding = 4; lastKnownFileType = sourcecode.c.h; path = PESGraph.h; sourceTree = "<group>"; };
		CAF636B31716827600D91EB4 /* PESGraph.m */ = {isa = PBXFileReference; fileEncoding = 4; lastKnownFileType = sourcecode.c.objc; path = PESGraph.m; sourceTree = "<group>"; };
		CAF636B41716827600D91EB4 /* PESGraphEdge.h */ = {isa = PBXFileReference; fileEncoding = 4; lastKnownFileType = sourcecode.c.h; path = PESGraphEdge.h; sourceTree = "<group>"; };
		CAF636B51716827600D91EB4 /* PESGraphEdge.m */ = {isa = PBXFileReference; fileEncoding = 4; lastKnownFileType = sourcecode.c.objc; path = PESGraphEdge.m; sourceTree = "<group>"; };
		CAF636B61716827600D91EB4 /* PESGraphNode.h */ = {isa = PBXFileReference; fileEncoding = 4; lastKnownFileType = sourcecode.c.h; path = PESGraphNode.h; sourceTree = "<group>"; };
		CAF636B71716827600D91EB4 /* PESGraphNode.m */ = {isa = PBXFileReference; fileEncoding = 4; lastKnownFileType = sourcecode.c.objc; path = PESGraphNode.m; sourceTree = "<group>"; };
		CAF636B81716827600D91EB4 /* PESGraphRoute.h */ = {isa = PBXFileReference; fileEncoding = 4; lastKnownFileType = sourcecode.c.h; path = PESGraphRoute.h; sourceTree = "<group>"; };
		CAF636B91716827600D91EB4 /* PESGraphRoute.m */ = {isa = PBXFileReference; fileEncoding = 4; lastKnownFileType = sourcecode.c.objc; path = PESGraphRoute.m; sourceTree = "<group>"; };
		CAF636BA1716827600D91EB4 /* PESGraphRouteStep.h */ = {isa = PBXFileReference; fileEncoding = 4; lastKnownFileType = sourcecode.c.h; path = PESGraphRouteStep.h; sourceTree = "<group>"; };
		CAF636BB1716827600D91EB4 /* PESGraphRouteStep.m */ = {isa = PBXFileReference; fileEncoding = 4; lastKnownFileType = sourcecode.c.objc; path = PESGraphRouteStep.m; sourceTree = "<group>"; };
		CAF636D91718398500D91EB4 /* duelist-large.png */ = {isa = PBXFileReference; lastKnownFileType = image.png; path = "duelist-large.png"; sourceTree = "<group>"; };
		CAF636DA1718398500D91EB4 /* Fontin-Bold.ttf */ = {isa = PBXFileReference; lastKnownFileType = file; path = "Fontin-Bold.ttf"; sourceTree = "<group>"; };
		CAF636DB1718398500D91EB4 /* Fontin-Italic.ttf */ = {isa = PBXFileReference; lastKnownFileType = file; path = "Fontin-Italic.ttf"; sourceTree = "<group>"; };
		CAF636DC1718398500D91EB4 /* Fontin-Regular.ttf */ = {isa = PBXFileReference; lastKnownFileType = file; path = "Fontin-Regular.ttf"; sourceTree = "<group>"; };
		CAF636DD1718398500D91EB4 /* Fontin-SmallCaps.ttf */ = {isa = PBXFileReference; lastKnownFileType = file; path = "Fontin-SmallCaps.ttf"; sourceTree = "<group>"; };
		CAF636DE1718398500D91EB4 /* marauder-large.png */ = {isa = PBXFileReference; lastKnownFileType = image.png; path = "marauder-large.png"; sourceTree = "<group>"; };
		CAF636DF1718398500D91EB4 /* Menu-Landscape.png */ = {isa = PBXFileReference; lastKnownFileType = image.png; path = "Menu-Landscape.png"; sourceTree = "<group>"; };
		CAF636E01718398500D91EB4 /* Menu-Portrait.png */ = {isa = PBXFileReference; lastKnownFileType = image.png; path = "Menu-Portrait.png"; sourceTree = "<group>"; };
		CAF636E11718398500D91EB4 /* ranger-large.png */ = {isa = PBXFileReference; lastKnownFileType = image.png; path = "ranger-large.png"; sourceTree = "<group>"; };
		CAF636E21718398500D91EB4 /* shadow-large.png */ = {isa = PBXFileReference; lastKnownFileType = image.png; path = "shadow-large.png"; sourceTree = "<group>"; };
		CAF636E31718398500D91EB4 /* templar-large.png */ = {isa = PBXFileReference; lastKnownFileType = image.png; path = "templar-large.png"; sourceTree = "<group>"; };
		CAF636E41718398500D91EB4 /* witch-large.png */ = {isa = PBXFileReference; lastKnownFileType = image.png; path = "witch-large.png"; sourceTree = "<group>"; };
		CAF636F11718421900D91EB4 /* URLTextField.h */ = {isa = PBXFileReference; fileEncoding = 4; lastKnownFileType = sourcecode.c.h; lineEnding = 0; name = URLTextField.h; path = Classes/Helper/URLTextField.h; sourceTree = "<group>"; xcLanguageSpecificationIdentifier = xcode.lang.objcpp; };
		CAF636F21718421900D91EB4 /* URLTextField.m */ = {isa = PBXFileReference; fileEncoding = 4; lastKnownFileType = sourcecode.c.objc; lineEnding = 0; name = URLTextField.m; path = Classes/Helper/URLTextField.m; sourceTree = "<group>"; xcLanguageSpecificationIdentifier = xcode.lang.objc; };
/* End PBXFileReference section */

/* Begin PBXFrameworksBuildPhase section */
		CAA1EEC91707E5AE002BF206 /* Frameworks */ = {
			isa = PBXFrameworksBuildPhase;
			buildActionMask = 2147483647;
			files = (
				CAA1EED01707E5AF002BF206 /* UIKit.framework in Frameworks */,
				CAA1EED21707E5AF002BF206 /* Foundation.framework in Frameworks */,
				CAA1EED41707E5AF002BF206 /* CoreGraphics.framework in Frameworks */,
				CAA1EF241707EED1002BF206 /* SystemConfiguration.framework in Frameworks */,
				CAA1EF201707EE76002BF206 /* MobileCoreServices.framework in Frameworks */,
				CAA1EF8D170B9748002BF206 /* QuartzCore.framework in Frameworks */,
			);
			runOnlyForDeploymentPostprocessing = 0;
		};
/* End PBXFrameworksBuildPhase section */

/* Begin PBXGroup section */
		CA41BE9E170FB7AC00C0E1D2 /* Views */ = {
			isa = PBXGroup;
			children = (
				CA41BE9B170FB7A500C0E1D2 /* SkillTreeView.h */,
				CA41BE9C170FB7A500C0E1D2 /* SkillTreeView.m */,
				CA2FF91F170FE7F3003DA79B /* SkillLinksView.h */,
				CA2FF920170FE7F3003DA79B /* SkillLinksView.m */,
				CA2FF922170FF347003DA79B /* SkillLinkView.h */,
				CA2FF923170FF347003DA79B /* SkillLinkView.m */,
				CAF636AD1716441900D91EB4 /* SkillTouchView.h */,
				CAF636AE1716441900D91EB4 /* SkillTouchView.m */,
			);
			name = Views;
			sourceTree = "<group>";
		};
		CA6DA26B171A78CA00483E5E /* Controllers */ = {
			isa = PBXGroup;
			children = (
				CA6DA26C171A794C00483E5E /* SkillSelectionViewController.h */,
				CA6DA26D171A794C00483E5E /* SkillSelectionViewController.m */,
				CA6DA26E171A794C00483E5E /* SkillSelectionViewController.xib */,
			);
			name = Controllers;
			sourceTree = "<group>";
		};
		CAA1EEC31707E5AE002BF206 = {
			isa = PBXGroup;
			children = (
				CAF3A4051719763800014FCE /* README.md */,
				CAA1EED51707E5AF002BF206 /* POEMPST */,
				CAA1EECE1707E5AF002BF206 /* Frameworks */,
				CAA1EECD1707E5AF002BF206 /* Products */,
			);
			sourceTree = "<group>";
		};
		CAA1EECD1707E5AF002BF206 /* Products */ = {
			isa = PBXGroup;
			children = (
				CAA1EECC1707E5AF002BF206 /* POEMPST.app */,
			);
			name = Products;
			sourceTree = "<group>";
		};
		CAA1EECE1707E5AF002BF206 /* Frameworks */ = {
			isa = PBXGroup;
			children = (
				CAA1EF8C170B9748002BF206 /* QuartzCore.framework */,
				CAA1EF231707EED1002BF206 /* SystemConfiguration.framework */,
				CAA1EF1F1707EE76002BF206 /* MobileCoreServices.framework */,
				CAA1EECF1707E5AF002BF206 /* UIKit.framework */,
				CAA1EED11707E5AF002BF206 /* Foundation.framework */,
				CAA1EED31707E5AF002BF206 /* CoreGraphics.framework */,
			);
			name = Frameworks;
			sourceTree = "<group>";
		};
		CAA1EED51707E5AF002BF206 /* POEMPST */ = {
			isa = PBXGroup;
			children = (
				CAA1EEDE1707E5AF002BF206 /* AppDelegate.h */,
				CAA1EEDF1707E5AF002BF206 /* AppDelegate.m */,
				CAA1EF691709F850002BF206 /* constants.h */,
				CAA1EEE71707E5AF002BF206 /* ViewController.h */,
				CAA1EEE81707E5AF002BF206 /* ViewController.m */,
				CAA1EF291707F81D002BF206 /* ViewController_iPad.xib */,
				CAA1EF2A1707F81D002BF206 /* ViewController_iPhone.xib */,
				CA6DA26B171A78CA00483E5E /* Controllers */,
				CA41BE9E170FB7AC00C0E1D2 /* Views */,
				CAA1EF651709F68C002BF206 /* Models */,
				CAA1EF7D170A64FC002BF206 /* Helper */,
				CAA1EEF81707EBA6002BF206 /* Vendor */,
				CAA1EEF51707EAD6002BF206 /* Test Files */,
				CAA1EED61707E5AF002BF206 /* Supporting Files */,
			);
			path = POEMPST;
			sourceTree = "<group>";
		};
		CAA1EED61707E5AF002BF206 /* Supporting Files */ = {
			isa = PBXGroup;
			children = (
				CAF636D81718398500D91EB4 /* Assets */,
				CAA1EED71707E5AF002BF206 /* POEMPST-Info.plist */,
				CAA1EED81707E5AF002BF206 /* InfoPlist.strings */,
				CAA1EEDB1707E5AF002BF206 /* main.m */,
				CAA1EEDD1707E5AF002BF206 /* POEMPST-Prefix.pch */,
				CAA1EEE11707E5AF002BF206 /* Default.png */,
				CAA1EEE31707E5AF002BF206 /* Default@2x.png */,
				CAA1EEE51707E5AF002BF206 /* Default-568h@2x.png */,
				CA2609C6171893A0008F7249 /* Icon-72.png */,
				CA2609C7171893A0008F7249 /* Icon-72@2x.png */,
				CA2609C8171893A0008F7249 /* Icon-Small-50.png */,
				CA2609C9171893A0008F7249 /* Icon-Small-50@2x.png */,
				CA2609CA171893A0008F7249 /* Icon-Small.png */,
				CA2609CB171893A0008F7249 /* Icon-Small@2x.png */,
				CA2609CC171893A0008F7249 /* Icon.png */,
				CA2609CD171893A0008F7249 /* Icon@2x.png */,
				CA2609CE171893A0008F7249 /* iTunesArtwork.png */,
				CA2609CF171893A0008F7249 /* iTunesArtwork@2x.png */,
			);
			name = "Supporting Files";
			sourceTree = "<group>";
		};
		CAA1EEF51707EAD6002BF206 /* Test Files */ = {
			isa = PBXGroup;
			children = (
				CA2FF9271713C944003DA79B /* Background1.png */,
				CAA1EF6317082025002BF206 /* KeystoneFrameAllocated.png */,
				CAA1EEF61707EAEA002BF206 /* passive-skill-tree-v1.html */,
				CA2FF9251712804D003DA79B /* passive-skill-tree-v2.html */,
			);
			name = "Test Files";
			sourceTree = "<group>";
		};
		CAA1EEF81707EBA6002BF206 /* Vendor */ = {
			isa = PBXGroup;
			children = (
				CAF636B01716827600D91EB4 /* PESGraph */,
				CAA1EF5F17080080002BF206 /* JSONKit */,
				CAA1EF251707F2FF002BF206 /* RegexKitLite */,
				CAA1EEF91707EC5D002BF206 /* AFNetworking */,
				CAA1EF74170A4765002BF206 /* UIImage+WBImage.h */,
				CAA1EF75170A4765002BF206 /* UIImage+WBImage.m */,
				CAA1EF7A170A5F2A002BF206 /* base64.h */,
				CAA1EF7B170A5F2B002BF206 /* base64.m */,
				CAA1EF77170A590A002BF206 /* NSData+Base64.h */,
				CAA1EF78170A590A002BF206 /* NSData+Base64.m */,
			);
			name = Vendor;
			sourceTree = "<group>";
		};
		CAA1EEF91707EC5D002BF206 /* AFNetworking */ = {
			isa = PBXGroup;
			children = (
				CAA1EEFA1707EC5D002BF206 /* AFHTTPClient.h */,
				CAA1EEFB1707EC5D002BF206 /* AFHTTPClient.m */,
				CAA1EEFC1707EC5D002BF206 /* AFHTTPRequestOperation.h */,
				CAA1EEFD1707EC5D002BF206 /* AFHTTPRequestOperation.m */,
				CAA1EEFE1707EC5D002BF206 /* AFImageRequestOperation.h */,
				CAA1EEFF1707EC5D002BF206 /* AFImageRequestOperation.m */,
				CAA1EF001707EC5D002BF206 /* AFJSONRequestOperation.h */,
				CAA1EF011707EC5D002BF206 /* AFJSONRequestOperation.m */,
				CAA1EF021707EC5D002BF206 /* AFNetworkActivityIndicatorManager.h */,
				CAA1EF031707EC5D002BF206 /* AFNetworkActivityIndicatorManager.m */,
				CAA1EF041707EC5D002BF206 /* AFNetworking.h */,
				CAA1EF051707EC5D002BF206 /* AFPropertyListRequestOperation.h */,
				CAA1EF061707EC5D002BF206 /* AFPropertyListRequestOperation.m */,
				CAA1EF071707EC5D002BF206 /* AFURLConnectionOperation.h */,
				CAA1EF081707EC5D002BF206 /* AFURLConnectionOperation.m */,
				CAA1EF091707EC5D002BF206 /* AFXMLRequestOperation.h */,
				CAA1EF0A1707EC5D002BF206 /* AFXMLRequestOperation.m */,
				CAA1EF0B1707EC5D002BF206 /* UIImageView+AFNetworking.h */,
				CAA1EF0C1707EC5D002BF206 /* UIImageView+AFNetworking.m */,
			);
			name = AFNetworking;
			path = vendor/AFNetworking;
			sourceTree = "<group>";
		};
		CAA1EF251707F2FF002BF206 /* RegexKitLite */ = {
			isa = PBXGroup;
			children = (
				CAA1EF261707F2FF002BF206 /* RegexKitLite.h */,
				CAA1EF271707F2FF002BF206 /* RegexKitLite.m */,
			);
			name = RegexKitLite;
			path = vendor/RegexKitLite;
			sourceTree = "<group>";
		};
		CAA1EF5F17080080002BF206 /* JSONKit */ = {
			isa = PBXGroup;
			children = (
				CAA1EF6017080080002BF206 /* JSONKit.h */,
				CAA1EF6117080080002BF206 /* JSONKit.m */,
			);
			name = JSONKit;
			path = vendor/JSONKit;
			sourceTree = "<group>";
		};
		CAA1EF651709F68C002BF206 /* Models */ = {
			isa = PBXGroup;
			children = (
				CAA1EF661709F74B002BF206 /* SkillIcons.h */,
				CAA1EF671709F74B002BF206 /* SkillIcons.m */,
				CAA1EF6A170A038D002BF206 /* SkillNode.h */,
				CAA1EF6B170A038D002BF206 /* SkillNode.m */,
				CAA1EF6D170A07E1002BF206 /* NodeGroup.h */,
				CAA1EF6E170A07E1002BF206 /* NodeGroup.m */,
				CAA1EF70170A237B002BF206 /* Asset.h */,
				CAA1EF71170A237C002BF206 /* Asset.m */,
			);
			name = Models;
			sourceTree = "<group>";
		};
		CAA1EF7D170A64FC002BF206 /* Helper */ = {
			isa = PBXGroup;
			children = (
				CAA1EF7E170A6568002BF206 /* DataString.h */,
				CAA1EF7F170A6568002BF206 /* DataString.m */,
				CA2FF91C170FCD3E003DA79B /* UIView+Image.h */,
				CA2FF91D170FCD3E003DA79B /* UIView+Image.m */,
				CAF636F11718421900D91EB4 /* URLTextField.h */,
				CAF636F21718421900D91EB4 /* URLTextField.m */,
				CA6DA275171AA72800483E5E /* CustomPopoverBackgroundView.h */,
				CA6DA276171AA72800483E5E /* CustomPopoverBackgroundView.m */,
			);
			name = Helper;
			sourceTree = "<group>";
		};
		CAF636B01716827600D91EB4 /* PESGraph */ = {
			isa = PBXGroup;
			children = (
				CAF636B21716827600D91EB4 /* PESGraph.h */,
				CAF636B31716827600D91EB4 /* PESGraph.m */,
				CAF636B41716827600D91EB4 /* PESGraphEdge.h */,
				CAF636B51716827600D91EB4 /* PESGraphEdge.m */,
				CAF636B61716827600D91EB4 /* PESGraphNode.h */,
				CAF636B71716827600D91EB4 /* PESGraphNode.m */,
				CAF636B81716827600D91EB4 /* PESGraphRoute.h */,
				CAF636B91716827600D91EB4 /* PESGraphRoute.m */,
				CAF636BA1716827600D91EB4 /* PESGraphRouteStep.h */,
				CAF636BB1716827600D91EB4 /* PESGraphRouteStep.m */,
			);
			name = PESGraph;
			path = vendor/PESGraph;
			sourceTree = "<group>";
		};
		CAF636D81718398500D91EB4 /* Assets */ = {
			isa = PBXGroup;
			children = (
				CA3B5055171AF70600C29D4C /* charactersheet.png */,
				CA6DA278171AECA700483E5E /* btnOFF.png */,
				CA6DA279171AECA700483E5E /* btnON.png */,
				CA6DA271171A89C700483E5E /* arrow.png */,
				CA6DA272171A89C700483E5E /* popoverBG.png */,
				CAF3A40317189A0000014FCE /* PointsBackground.png */,
				CAF636D91718398500D91EB4 /* duelist-large.png */,
				CAF636DA1718398500D91EB4 /* Fontin-Bold.ttf */,
				CAF636DB1718398500D91EB4 /* Fontin-Italic.ttf */,
				CAF636DC1718398500D91EB4 /* Fontin-Regular.ttf */,
				CAF636DD1718398500D91EB4 /* Fontin-SmallCaps.ttf */,
				CAF636DE1718398500D91EB4 /* marauder-large.png */,
				CAF636DF1718398500D91EB4 /* Menu-Landscape.png */,
				CAF636E01718398500D91EB4 /* Menu-Portrait.png */,
				CAF636E11718398500D91EB4 /* ranger-large.png */,
				CAF636E21718398500D91EB4 /* shadow-large.png */,
				CAF636E31718398500D91EB4 /* templar-large.png */,
				CAF636E41718398500D91EB4 /* witch-large.png */,
			);
			path = Assets;
			sourceTree = "<group>";
		};
/* End PBXGroup section */

/* Begin PBXNativeTarget section */
		CAA1EECB1707E5AE002BF206 /* POEMPST */ = {
			isa = PBXNativeTarget;
			buildConfigurationList = CAA1EEF21707E5AF002BF206 /* Build configuration list for PBXNativeTarget "POEMPST" */;
			buildPhases = (
				CAA1EEC81707E5AE002BF206 /* Sources */,
				CAA1EEC91707E5AE002BF206 /* Frameworks */,
				CAA1EECA1707E5AE002BF206 /* Resources */,
			);
			buildRules = (
			);
			dependencies = (
			);
			name = POEMPST;
			productName = POEMPST;
			productReference = CAA1EECC1707E5AF002BF206 /* POEMPST.app */;
			productType = "com.apple.product-type.application";
		};
/* End PBXNativeTarget section */

/* Begin PBXProject section */
		CAA1EEC41707E5AE002BF206 /* Project object */ = {
			isa = PBXProject;
			attributes = {
				LastUpgradeCheck = 0460;
				ORGANIZATIONNAME = FLKone;
			};
			buildConfigurationList = CAA1EEC71707E5AE002BF206 /* Build configuration list for PBXProject "POEMPST" */;
			compatibilityVersion = "Xcode 3.2";
			developmentRegion = English;
			hasScannedForEncodings = 0;
			knownRegions = (
				en,
				Base,
			);
			mainGroup = CAA1EEC31707E5AE002BF206;
			productRefGroup = CAA1EECD1707E5AF002BF206 /* Products */;
			projectDirPath = "";
			projectRoot = "";
			targets = (
				CAA1EECB1707E5AE002BF206 /* POEMPST */,
			);
		};
/* End PBXProject section */

/* Begin PBXResourcesBuildPhase section */
		CAA1EECA1707E5AE002BF206 /* Resources */ = {
			isa = PBXResourcesBuildPhase;
			buildActionMask = 2147483647;
			files = (
				CAA1EEDA1707E5AF002BF206 /* InfoPlist.strings in Resources */,
				CAA1EEE21707E5AF002BF206 /* Default.png in Resources */,
				CAA1EEE41707E5AF002BF206 /* Default@2x.png in Resources */,
				CAA1EEE61707E5AF002BF206 /* Default-568h@2x.png in Resources */,
				CAA1EEF71707EAEA002BF206 /* passive-skill-tree-v1.html in Resources */,
				CAA1EF2B1707F81D002BF206 /* ViewController_iPad.xib in Resources */,
				CAA1EF2C1707F81D002BF206 /* ViewController_iPhone.xib in Resources */,
				CAA1EF6417082025002BF206 /* KeystoneFrameAllocated.png in Resources */,
				CA2FF9261712804D003DA79B /* passive-skill-tree-v2.html in Resources */,
				CA2FF9281713C944003DA79B /* Background1.png in Resources */,
				CAF636E51718398500D91EB4 /* duelist-large.png in Resources */,
				CAF636E61718398500D91EB4 /* Fontin-Bold.ttf in Resources */,
				CAF636E71718398500D91EB4 /* Fontin-Italic.ttf in Resources */,
				CAF636E81718398500D91EB4 /* Fontin-Regular.ttf in Resources */,
				CAF636E91718398500D91EB4 /* Fontin-SmallCaps.ttf in Resources */,
				CAF636EA1718398500D91EB4 /* marauder-large.png in Resources */,
				CAF636EB1718398500D91EB4 /* Menu-Landscape.png in Resources */,
				CAF636EC1718398500D91EB4 /* Menu-Portrait.png in Resources */,
				CAF636ED1718398500D91EB4 /* ranger-large.png in Resources */,
				CAF636EE1718398500D91EB4 /* shadow-large.png in Resources */,
				CAF636EF1718398500D91EB4 /* templar-large.png in Resources */,
				CAF636F01718398500D91EB4 /* witch-large.png in Resources */,
				CA2609D0171893A0008F7249 /* Icon-72.png in Resources */,
				CA2609D1171893A0008F7249 /* Icon-72@2x.png in Resources */,
				CA2609D2171893A0008F7249 /* Icon-Small-50.png in Resources */,
				CA2609D3171893A0008F7249 /* Icon-Small-50@2x.png in Resources */,
				CA2609D4171893A0008F7249 /* Icon-Small.png in Resources */,
				CA2609D5171893A0008F7249 /* Icon-Small@2x.png in Resources */,
				CA2609D6171893A0008F7249 /* Icon.png in Resources */,
				CA2609D7171893A0008F7249 /* Icon@2x.png in Resources */,
				CA2609D8171893A0008F7249 /* iTunesArtwork.png in Resources */,
				CA2609D9171893A0008F7249 /* iTunesArtwork@2x.png in Resources */,
				CAF3A40417189A0000014FCE /* PointsBackground.png in Resources */,
				CAF3A4061719763800014FCE /* README.md in Resources */,
				CA6DA270171A794C00483E5E /* SkillSelectionViewController.xib in Resources */,
				CA6DA273171A89C700483E5E /* arrow.png in Resources */,
				CA6DA274171A89C700483E5E /* popoverBG.png in Resources */,
				CA6DA27A171AECA700483E5E /* btnOFF.png in Resources */,
				CA6DA27B171AECA700483E5E /* btnON.png in Resources */,
				CA3B5056171AF70600C29D4C /* charactersheet.png in Resources */,
			);
			runOnlyForDeploymentPostprocessing = 0;
		};
/* End PBXResourcesBuildPhase section */

/* Begin PBXSourcesBuildPhase section */
		CAA1EEC81707E5AE002BF206 /* Sources */ = {
			isa = PBXSourcesBuildPhase;
			buildActionMask = 2147483647;
			files = (
				CAA1EEDC1707E5AF002BF206 /* main.m in Sources */,
				CAA1EEE01707E5AF002BF206 /* AppDelegate.m in Sources */,
				CAA1EEE91707E5AF002BF206 /* ViewController.m in Sources */,
				CAA1EF0D1707EC5D002BF206 /* AFHTTPClient.m in Sources */,
				CAA1EF0E1707EC5D002BF206 /* AFHTTPRequestOperation.m in Sources */,
				CAA1EF0F1707EC5D002BF206 /* AFImageRequestOperation.m in Sources */,
				CAA1EF101707EC5D002BF206 /* AFJSONRequestOperation.m in Sources */,
				CAA1EF111707EC5D002BF206 /* AFNetworkActivityIndicatorManager.m in Sources */,
				CAA1EF121707EC5D002BF206 /* AFPropertyListRequestOperation.m in Sources */,
				CAA1EF131707EC5D002BF206 /* AFURLConnectionOperation.m in Sources */,
				CAA1EF141707EC5D002BF206 /* AFXMLRequestOperation.m in Sources */,
				CAA1EF151707EC5D002BF206 /* UIImageView+AFNetworking.m in Sources */,
				CAA1EF281707F2FF002BF206 /* RegexKitLite.m in Sources */,
				CAA1EF6217080080002BF206 /* JSONKit.m in Sources */,
				CAA1EF681709F74B002BF206 /* SkillIcons.m in Sources */,
				CAA1EF6C170A038D002BF206 /* SkillNode.m in Sources */,
				CAA1EF6F170A07E2002BF206 /* NodeGroup.m in Sources */,
				CAA1EF72170A237C002BF206 /* Asset.m in Sources */,
				CAA1EF76170A4765002BF206 /* UIImage+WBImage.m in Sources */,
				CAA1EF79170A590A002BF206 /* NSData+Base64.m in Sources */,
				CAA1EF7C170A5F2B002BF206 /* base64.m in Sources */,
				CAA1EF80170A6568002BF206 /* DataString.m in Sources */,
				CA41BE9D170FB7A500C0E1D2 /* SkillTreeView.m in Sources */,
				CA2FF91E170FCD3E003DA79B /* UIView+Image.m in Sources */,
				CA2FF921170FE7F3003DA79B /* SkillLinksView.m in Sources */,
				CA2FF924170FF347003DA79B /* SkillLinkView.m in Sources */,
				CAF636AF1716441900D91EB4 /* SkillTouchView.m in Sources */,
				CAF636BC1716827600D91EB4 /* PESGraph.m in Sources */,
				CAF636BD1716827600D91EB4 /* PESGraphEdge.m in Sources */,
				CAF636BE1716827600D91EB4 /* PESGraphNode.m in Sources */,
				CAF636BF1716827600D91EB4 /* PESGraphRoute.m in Sources */,
				CAF636C01716827600D91EB4 /* PESGraphRouteStep.m in Sources */,
				CAF636F31718421900D91EB4 /* URLTextField.m in Sources */,
				CA6DA26F171A794C00483E5E /* SkillSelectionViewController.m in Sources */,
				CA6DA277171AA72800483E5E /* CustomPopoverBackgroundView.m in Sources */,
			);
			runOnlyForDeploymentPostprocessing = 0;
		};
/* End PBXSourcesBuildPhase section */

/* Begin PBXVariantGroup section */
		CAA1EED81707E5AF002BF206 /* InfoPlist.strings */ = {
			isa = PBXVariantGroup;
			children = (
				CAA1EED91707E5AF002BF206 /* en */,
			);
			name = InfoPlist.strings;
			sourceTree = "<group>";
		};
/* End PBXVariantGroup section */

/* Begin XCBuildConfiguration section */
		CAA1EEF01707E5AF002BF206 /* Debug */ = {
			isa = XCBuildConfiguration;
			buildSettings = {
				ALWAYS_SEARCH_USER_PATHS = NO;
				CLANG_CXX_LANGUAGE_STANDARD = "gnu++0x";
				CLANG_CXX_LIBRARY = "libc++";
				CLANG_ENABLE_OBJC_ARC = YES;
				CLANG_WARN_CONSTANT_CONVERSION = YES;
				CLANG_WARN_EMPTY_BODY = YES;
				CLANG_WARN_ENUM_CONVERSION = YES;
				CLANG_WARN_INT_CONVERSION = YES;
				CLANG_WARN__DUPLICATE_METHOD_MATCH = YES;
				"CODE_SIGN_IDENTITY[sdk=iphoneos*]" = "iPhone Developer";
				COPY_PHASE_STRIP = NO;
				GCC_C_LANGUAGE_STANDARD = gnu99;
				GCC_DYNAMIC_NO_PIC = NO;
				GCC_OPTIMIZATION_LEVEL = 0;
				GCC_PREPROCESSOR_DEFINITIONS = (
					"DEBUG=1",
					"$(inherited)",
				);
				GCC_SYMBOLS_PRIVATE_EXTERN = NO;
				GCC_WARN_ABOUT_RETURN_TYPE = YES;
				GCC_WARN_UNINITIALIZED_AUTOS = YES;
				GCC_WARN_UNUSED_VARIABLE = YES;
				IPHONEOS_DEPLOYMENT_TARGET = 5.0;
				ONLY_ACTIVE_ARCH = YES;
				OTHER_LDFLAGS = "-licucore";
				SDKROOT = iphoneos;
				TARGETED_DEVICE_FAMILY = "1,2";
			};
			name = Debug;
		};
		CAA1EEF11707E5AF002BF206 /* Release */ = {
			isa = XCBuildConfiguration;
			buildSettings = {
				ALWAYS_SEARCH_USER_PATHS = NO;
				CLANG_CXX_LANGUAGE_STANDARD = "gnu++0x";
				CLANG_CXX_LIBRARY = "libc++";
				CLANG_ENABLE_OBJC_ARC = YES;
				CLANG_WARN_CONSTANT_CONVERSION = YES;
				CLANG_WARN_EMPTY_BODY = YES;
				CLANG_WARN_ENUM_CONVERSION = YES;
				CLANG_WARN_INT_CONVERSION = YES;
				CLANG_WARN__DUPLICATE_METHOD_MATCH = YES;
				"CODE_SIGN_IDENTITY[sdk=iphoneos*]" = "iPhone Developer";
				COPY_PHASE_STRIP = YES;
				GCC_C_LANGUAGE_STANDARD = gnu99;
				GCC_WARN_ABOUT_RETURN_TYPE = YES;
				GCC_WARN_UNINITIALIZED_AUTOS = YES;
				GCC_WARN_UNUSED_VARIABLE = YES;
				IPHONEOS_DEPLOYMENT_TARGET = 5.0;
				OTHER_CFLAGS = "-DNS_BLOCK_ASSERTIONS=1";
				OTHER_LDFLAGS = "-licucore";
				SDKROOT = iphoneos;
				TARGETED_DEVICE_FAMILY = "1,2";
				VALIDATE_PRODUCT = YES;
			};
			name = Release;
		};
		CAA1EEF31707E5AF002BF206 /* Debug */ = {
			isa = XCBuildConfiguration;
			buildSettings = {
				GCC_PRECOMPILE_PREFIX_HEADER = YES;
				GCC_PREFIX_HEADER = "POEMPST/POEMPST-Prefix.pch";
				INFOPLIST_FILE = "POEMPST/POEMPST-Info.plist";
				IPHONEOS_DEPLOYMENT_TARGET = 5.0;
				PRODUCT_NAME = "$(TARGET_NAME)";
				TARGETED_DEVICE_FAMILY = 2;
				WRAPPER_EXTENSION = app;
			};
			name = Debug;
		};
		CAA1EEF41707E5AF002BF206 /* Release */ = {
			isa = XCBuildConfiguration;
			buildSettings = {
				GCC_PRECOMPILE_PREFIX_HEADER = YES;
				GCC_PREFIX_HEADER = "POEMPST/POEMPST-Prefix.pch";
				INFOPLIST_FILE = "POEMPST/POEMPST-Info.plist";
				IPHONEOS_DEPLOYMENT_TARGET = 5.0;
				PRODUCT_NAME = "$(TARGET_NAME)";
				TARGETED_DEVICE_FAMILY = 2;
				WRAPPER_EXTENSION = app;
			};
			name = Release;
		};
/* End XCBuildConfiguration section */

/* Begin XCConfigurationList section */
		CAA1EEC71707E5AE002BF206 /* Build configuration list for PBXProject "POEMPST" */ = {
			isa = XCConfigurationList;
			buildConfigurations = (
				CAA1EEF01707E5AF002BF206 /* Debug */,
				CAA1EEF11707E5AF002BF206 /* Release */,
			);
			defaultConfigurationIsVisible = 0;
			defaultConfigurationName = Release;
		};
		CAA1EEF21707E5AF002BF206 /* Build configuration list for PBXNativeTarget "POEMPST" */ = {
			isa = XCConfigurationList;
			buildConfigurations = (
				CAA1EEF31707E5AF002BF206 /* Debug */,
				CAA1EEF41707E5AF002BF206 /* Release */,
			);
			defaultConfigurationIsVisible = 0;
			defaultConfigurationName = Release;
		};
/* End XCConfigurationList section */
	};
	rootObject = CAA1EEC41707E5AE002BF206 /* Project object */;
}
